
Microsoft Visual Studio Solution File, Format Version 12.00
# Visual Studio Version 16
VisualStudioVersion = 16.0.29911.98
MinimumVisualStudioVersion = 10.0.40219.1
Project("{FAE04EC0-301F-11D3-BF4B-00C04F79EFBC}") = "RoWifi Alpha", "RoWifi Alpha\RoWifi Alpha.csproj", "{2E1D7902-77EF-49D5-9E3C-55D1DF6C57BB}"
EndProject
Global
	GlobalSection(SolutionConfigurationPlatforms) = preSolution
		Debug|Any CPU = Debug|Any CPU
		Release|Any CPU = Release|Any CPU
	EndGlobalSection
	GlobalSection(ProjectConfigurationPlatforms) = postSolution
		{2E1D7902-77EF-49D5-9E3C-55D1DF6C57BB}.Debug|Any CPU.ActiveCfg = Debug|Any CPU
		{2E1D7902-77EF-49D5-9E3C-55D1DF6C57BB}.Debug|Any CPU.Build.0 = Debug|Any CPU
		{2E1D7902-77EF-49D5-9E3C-55D1DF6C57BB}.Release|Any CPU.ActiveCfg = Release|Any CPU
		{2E1D7902-77EF-49D5-9E3C-55D1DF6C57BB}.Release|Any CPU.Build.0 = Release|Any CPU
	EndGlobalSection
	GlobalSection(SolutionProperties) = preSolution
		HideSolutionNode = FALSE
	EndGlobalSection
	GlobalSection(ExtensibilityGlobals) = postSolution
		SolutionGuid = {1927A31E-11F6-40A7-80FC-889BBA5A4A4D}
	EndGlobalSection
EndGlobal
